{
  "originHash" : "949cb4cc6d470e26b52f48c256cb123e9a1fd6f529219c12e0de4e1f6ae305a1",
  "pins" : [
    {
      "identity" : "fluidaudio",
      "kind" : "remoteSourceControl",
      "location" : "https://github.com/FluidInference/FluidAudio",
      "state" : {
        "revision" : "bdbff4d88afe12d1e70c7f3dc4301efb9281f853",
        "version" : "0.14.4"
      }
    }
  ],
  "version" : 3
}
